// !$*UTF8*$!
{
	archiveVersion = 1;
	classes = {
	};
	objectVersion = 56;
	objects = {

/* Begin PBXBuildFile section */
		B10000000000000000000001 /* SeiketsuApp.swift in Sources */ = {isa = PBXBuildFile; fileRef = F10000000000000000000001 /* SeiketsuApp.swift */; };
		B10000000000000000000002 /* GroomingCategory.swift in Sources */ = {isa = PBXBuildFile; fileRef = F10000000000000000000002 /* GroomingCategory.swift */; };
		B10000000000000000000003 /* GroomingTask.swift in Sources */ = {isa = PBXBuildFile; fileRef = F10000000000000000000003 /* GroomingTask.swift */; };
		B10000000000000000000004 /* GroomingStore.swift in Sources */ = {isa = PBXBuildFile; fileRef = F10000000000000000000004 /* GroomingStore.swift */; };
		B10000000000000000000005 /* NotificationScheduler.swift in Sources */ = {isa = PBXBuildFile; fileRef = F10000000000000000000005 /* NotificationScheduler.swift */; };
		B10000000000000000000006 /* AppTheme.swift in Sources */ = {isa = PBXBuildFile; fileRef = F10000000000000000000006 /* AppTheme.swift */; };
		B10000000000000000000007 /* GroomingIconView.swift in Sources */ = {isa = PBXBuildFile; fileRef = F10000000000000000000007 /* GroomingIconView.swift */; };
		B10000000000000000000008 /* OnboardingView.swift in Sources */ = {isa = PBXBuildFile; fileRef = F10000000000000000000008 /* OnboardingView.swift */; };
		B10000000000000000000009 /* GroomingRowView.swift in Sources */ = {isa = PBXBuildFile; fileRef = F10000000000000000000009 /* GroomingRowView.swift */; };
		B10000000000000000000010 /* HomeView.swift in Sources */ = {isa = PBXBuildFile; fileRef = F10000000000000000000010 /* HomeView.swift */; };
		B10000000000000000000011 /* HistoryView.swift in Sources */ = {isa = PBXBuildFile; fileRef = F10000000000000000000011 /* HistoryView.swift */; };
		B10000000000000000000013 /* SeiketsuLogoView.swift in Sources */ = {isa = PBXBuildFile; fileRef = F10000000000000000000013 /* SeiketsuLogoView.swift */; };
		B10000000000000000000014 /* OnboardingTheme.swift in Sources */ = {isa = PBXBuildFile; fileRef = F10000000000000000000014 /* OnboardingTheme.swift */; };
		B10000000000000000000015 /* SectionRefresh.swift in Sources */ = {isa = PBXBuildFile; fileRef = F10000000000000000000015 /* SectionRefresh.swift */; };
		B10000000000000000000012 /* Assets.xcassets in Resources */ = {isa = PBXBuildFile; fileRef = F10000000000000000000012 /* Assets.xcassets */; };
/* End PBXBuildFile section */

/* Begin PBXFileReference section */
		E10000000000000000000001 /* Seiketsu.app */ = {isa = PBXFileReference; explicitFileType = wrapper.application; includeInIndex = 0; path = Seiketsu.app; sourceTree = BUILT_PRODUCTS_DIR; };
		F10000000000000000000001 /* SeiketsuApp.swift */ = {isa = PBXFileReference; lastKnownFileType = sourcecode.swift; path = SeiketsuApp.swift; sourceTree = "<group>"; };
		F10000000000000000000002 /* GroomingCategory.swift */ = {isa = PBXFileReference; lastKnownFileType = sourcecode.swift; path = GroomingCategory.swift; sourceTree = "<group>"; };
		F10000000000000000000003 /* GroomingTask.swift */ = {isa = PBXFileReference; lastKnownFileType = sourcecode.swift; path = GroomingTask.swift; sourceTree = "<group>"; };
		F10000000000000000000004 /* GroomingStore.swift */ = {isa = PBXFileReference; lastKnownFileType = sourcecode.swift; path = GroomingStore.swift; sourceTree = "<group>"; };
		F10000000000000000000005 /* NotificationScheduler.swift */ = {isa = PBXFileReference; lastKnownFileType = sourcecode.swift; path = NotificationScheduler.swift; sourceTree = "<group>"; };
		F10000000000000000000006 /* AppTheme.swift */ = {isa = PBXFileReference; lastKnownFileType = sourcecode.swift; path = AppTheme.swift; sourceTree = "<group>"; };
		F10000000000000000000007 /* GroomingIconView.swift */ = {isa = PBXFileReference; lastKnownFileType = sourcecode.swift; path = GroomingIconView.swift; sourceTree = "<group>"; };
		F10000000000000000000008 /* OnboardingView.swift */ = {isa = PBXFileReference; lastKnownFileType = sourcecode.swift; path = OnboardingView.swift; sourceTree = "<group>"; };
		F10000000000000000000009 /* GroomingRowView.swift */ = {isa = PBXFileReference; lastKnownFileType = sourcecode.swift; path = GroomingRowView.swift; sourceTree = "<group>"; };
		F10000000000000000000010 /* HomeView.swift */ = {isa = PBXFileReference; lastKnownFileType = sourcecode.swift; path = HomeView.swift; sourceTree = "<group>"; };
		F10000000000000000000011 /* HistoryView.swift */ = {isa = PBXFileReference; lastKnownFileType = sourcecode.swift; path = HistoryView.swift; sourceTree = "<group>"; };
		F10000000000000000000012 /* Assets.xcassets */ = {isa = PBXFileReference; lastKnownFileType = folder.assetcatalog; path = Assets.xcassets; sourceTree = "<group>"; };
		F10000000000000000000013 /* SeiketsuLogoView.swift */ = {isa = PBXFileReference; lastKnownFileType = sourcecode.swift; path = SeiketsuLogoView.swift; sourceTree = "<group>"; };
		F10000000000000000000014 /* OnboardingTheme.swift */ = {isa = PBXFileReference; lastKnownFileType = sourcecode.swift; path = OnboardingTheme.swift; sourceTree = "<group>"; };
		F10000000000000000000015 /* SectionRefresh.swift */ = {isa = PBXFileReference; lastKnownFileType = sourcecode.swift; path = SectionRefresh.swift; sourceTree = "<group>"; };
/* End PBXFileReference section */

/* Begin PBXFrameworksBuildPhase section */
		C10000000000000000000001 /* Frameworks */ = {
			isa = PBXFrameworksBuildPhase;
			buildActionMask = 2147483647;
			files = (
			);
			runOnlyForDeploymentPostprocessing = 0;
		};
/* End PBXFrameworksBuildPhase section */

/* Begin PBXGroup section */
		G10000000000000000000001 = {
			isa = PBXGroup;
			children = (
				G10000000000000000000002 /* Seiketsu */,
				G10000000000000000000003 /* Products */,
			);
			sourceTree = "<group>";
		};
		G10000000000000000000002 /* Seiketsu */ = {
			isa = PBXGroup;
			children = (
				F10000000000000000000001 /* SeiketsuApp.swift */,
				G10000000000000000000004 /* Models */,
				G10000000000000000000005 /* Services */,
				G10000000000000000000006 /* Theme */,
				G10000000000000000000007 /* Views */,
				F10000000000000000000012 /* Assets.xcassets */,
			);
			path = Seiketsu;
			sourceTree = "<group>";
		};
		G10000000000000000000003 /* Products */ = {
			isa = PBXGroup;
			children = (
				E10000000000000000000001 /* Seiketsu.app */,
			);
			name = Products;
			sourceTree = "<group>";
		};
		G10000000000000000000004 /* Models */ = {
			isa = PBXGroup;
			children = (
				F10000000000000000000002 /* GroomingCategory.swift */,
				F10000000000000000000003 /* GroomingTask.swift */,
			);
			path = Models;
			sourceTree = "<group>";
		};
		G10000000000000000000005 /* Services */ = {
			isa = PBXGroup;
			children = (
				F10000000000000000000004 /* GroomingStore.swift */,
				F10000000000000000000005 /* NotificationScheduler.swift */,
			);
			path = Services;
			sourceTree = "<group>";
		};
		G10000000000000000000006 /* Theme */ = {
			isa = PBXGroup;
			children = (
				F10000000000000000000006 /* AppTheme.swift */,
				F10000000000000000000014 /* OnboardingTheme.swift */,
			);
			path = Theme;
			sourceTree = "<group>";
		};
		G10000000000000000000007 /* Views */ = {
			isa = PBXGroup;
			children = (
				G10000000000000000000008 /* Components */,
				G10000000000000000000009 /* Onboarding */,
				G10000000000000000000010 /* Home */,
				G10000000000000000000011 /* History */,
			);
			path = Views;
			sourceTree = "<group>";
		};
		G10000000000000000000008 /* Components */ = {
			isa = PBXGroup;
			children = (
				F10000000000000000000007 /* GroomingIconView.swift */,
				F10000000000000000000013 /* SeiketsuLogoView.swift */,
				F10000000000000000000015 /* SectionRefresh.swift */,
			);
			path = Components;
			sourceTree = "<group>";
		};
		G10000000000000000000009 /* Onboarding */ = {
			isa = PBXGroup;
			children = (
				F10000000000000000000008 /* OnboardingView.swift */,
			);
			path = Onboarding;
			sourceTree = "<group>";
		};
		G10000000000000000000010 /* Home */ = {
			isa = PBXGroup;
			children = (
				F10000000000000000000009 /* GroomingRowView.swift */,
				F10000000000000000000010 /* HomeView.swift */,
			);
			path = Home;
			sourceTree = "<group>";
		};
		G10000000000000000000011 /* History */ = {
			isa = PBXGroup;
			children = (
				F10000000000000000000011 /* HistoryView.swift */,
			);
			path = History;
			sourceTree = "<group>";
		};
/* End PBXGroup section */

/* Begin PBXNativeTarget section */
		T10000000000000000000001 /* Seiketsu */ = {
			isa = PBXNativeTarget;
			buildConfigurationList = X10000000000000000000003 /* Build configuration list for PBXNativeTarget "Seiketsu" */;
			buildPhases = (
				S10000000000000000000001 /* Sources */,
				C10000000000000000000001 /* Frameworks */,
				R10000000000000000000001 /* Resources */,
			);
			buildRules = (
			);
			dependencies = (
			);
			name = Seiketsu;
			productName = Seiketsu;
			productReference = E10000000000000000000001 /* Seiketsu.app */;
			productType = "com.apple.product-type.application";
		};
/* End PBXNativeTarget section */

/* Begin PBXProject section */
		P10000000000000000000001 /* Project object */ = {
			isa = PBXProject;
			attributes = {
				BuildIndependentTargetsInParallel = 1;
				LastSwiftUpdateCheck = 1500;
				LastUpgradeCheck = 1500;
				TargetAttributes = {
					T10000000000000000000001 = {
						CreatedOnToolsVersion = 15.0;
					};
				};
			};
			buildConfigurationList = X10000000000000000000001 /* Build configuration list for PBXProject "Seiketsu" */;
			compatibilityVersion = "Xcode 14.0";
			developmentRegion = ja;
			hasScannedForEncodings = 0;
			knownRegions = (
				en,
				Base,
				ja,
			);
			mainGroup = G10000000000000000000001;
			productRefGroup = G10000000000000000000003 /* Products */;
			projectDirPath = "";
			projectRoot = "";
			targets = (
				T10000000000000000000001 /* Seiketsu */,
			);
		};
/* End PBXProject section */

/* Begin PBXResourcesBuildPhase section */
		R10000000000000000000001 /* Resources */ = {
			isa = PBXResourcesBuildPhase;
			buildActionMask = 2147483647;
			files = (
				B10000000000000000000012 /* Assets.xcassets in Resources */,
			);
			runOnlyForDeploymentPostprocessing = 0;
		};
/* End PBXResourcesBuildPhase section */

/* Begin PBXSourcesBuildPhase section */
		S10000000000000000000001 /* Sources */ = {
			isa = PBXSourcesBuildPhase;
			buildActionMask = 2147483647;
			files = (
				B10000000000000000000001 /* SeiketsuApp.swift in Sources */,
				B10000000000000000000002 /* GroomingCategory.swift in Sources */,
				B10000000000000000000003 /* GroomingTask.swift in Sources */,
				B10000000000000000000004 /* GroomingStore.swift in Sources */,
				B10000000000000000000005 /* NotificationScheduler.swift in Sources */,
				B10000000000000000000006 /* AppTheme.swift in Sources */,
				B10000000000000000000007 /* GroomingIconView.swift in Sources */,
				B10000000000000000000008 /* OnboardingView.swift in Sources */,
				B10000000000000000000009 /* GroomingRowView.swift in Sources */,
				B10000000000000000000010 /* HomeView.swift in Sources */,
				B10000000000000000000011 /* HistoryView.swift in Sources */,
				B10000000000000000000013 /* SeiketsuLogoView.swift in Sources */,
				B10000000000000000000014 /* OnboardingTheme.swift in Sources */,
				B10000000000000000000015 /* SectionRefresh.swift in Sources */,
			);
			runOnlyForDeploymentPostprocessing = 0;
		};
/* End PBXSourcesBuildPhase section */

/* Begin XCBuildConfiguration section */
		Y10000000000000000000001 /* Debug */ = {
			isa = XCBuildConfiguration;
			buildSettings = {
				ALWAYS_SEARCH_USER_PATHS = NO;
				CLANG_ENABLE_MODULES = YES;
				CLANG_ENABLE_OBJC_ARC = YES;
				COPY_PHASE_STRIP = NO;
				DEBUG_INFORMATION_FORMAT = dwarf;
				ENABLE_STRICT_OBJC_MSGSEND = YES;
				ENABLE_TESTABILITY = YES;
				GCC_DYNAMIC_NO_PIC = NO;
				GCC_OPTIMIZATION_LEVEL = 0;
				GCC_PREPROCESSOR_DEFINITIONS = (
					"DEBUG=1",
					"$(inherited)",
				);
				IPHONEOS_DEPLOYMENT_TARGET = 17.0;
				ONLY_ACTIVE_ARCH = YES;
				SDKROOT = iphoneos;
				SWIFT_ACTIVE_COMPILATION_CONDITIONS = "DEBUG $(inherited)";
				SWIFT_OPTIMIZATION_LEVEL = "-Onone";
			};
			name = Debug;
		};
		Y10000000000000000000002 /* Release */ = {
			isa = XCBuildConfiguration;
			buildSettings = {
				ALWAYS_SEARCH_USER_PATHS = NO;
				CLANG_ENABLE_MODULES = YES;
				CLANG_ENABLE_OBJC_ARC = YES;
				COPY_PHASE_STRIP = NO;
				DEBUG_INFORMATION_FORMAT = "dwarf-with-dsym";
				ENABLE_NS_ASSERTIONS = NO;
				ENABLE_STRICT_OBJC_MSGSEND = YES;
				IPHONEOS_DEPLOYMENT_TARGET = 17.0;
				SDKROOT = iphoneos;
				SWIFT_COMPILATION_MODE = wholemodule;
				VALIDATE_PRODUCT = YES;
			};
			name = Release;
		};
		Y10000000000000000000003 /* Debug */ = {
			isa = XCBuildConfiguration;
			buildSettings = {
				ASSETCATALOG_COMPILER_APPICON_NAME = AppIcon;
				ASSETCATALOG_COMPILER_GLOBAL_ACCENT_COLOR_NAME = AccentColor;
				CODE_SIGN_STYLE = Automatic;
				CURRENT_PROJECT_VERSION = 1;
				DEVELOPMENT_TEAM = 54YGGGZ8F6;
				GENERATE_INFOPLIST_FILE = YES;
				INFOPLIST_KEY_CFBundleDisplayName = "セイケツ";
				INFOPLIST_KEY_UIApplicationSceneManifest_Generation = YES;
				INFOPLIST_KEY_UILaunchScreen_Generation = YES;
				INFOPLIST_KEY_UISupportedInterfaceOrientations = UIInterfaceOrientationPortrait;
				INFOPLIST_KEY_UISupportedInterfaceOrientations_iPad = "UIInterfaceOrientationPortrait UIInterfaceOrientationPortraitUpsideDown UIInterfaceOrientationLandscapeLeft UIInterfaceOrientationLandscapeRight";
				LD_RUNPATH_SEARCH_PATHS = (
					"$(inherited)",
					"@executable_path/Frameworks",
				);
				MARKETING_VERSION = 1.0.0;
				PRODUCT_BUNDLE_IDENTIFIER = lab.nanba.seiketsu;
				PRODUCT_NAME = "$(TARGET_NAME)";
				SWIFT_EMIT_LOC_STRINGS = YES;
				SWIFT_VERSION = 5.0;
				TARGETED_DEVICE_FAMILY = "1,2";
			};
			name = Debug;
		};
		Y10000000000000000000004 /* Release */ = {
			isa = XCBuildConfiguration;
			buildSettings = {
				ASSETCATALOG_COMPILER_APPICON_NAME = AppIcon;
				ASSETCATALOG_COMPILER_GLOBAL_ACCENT_COLOR_NAME = AccentColor;
				CODE_SIGN_STYLE = Automatic;
				CURRENT_PROJECT_VERSION = 1;
				DEVELOPMENT_TEAM = 54YGGGZ8F6;
				GENERATE_INFOPLIST_FILE = YES;
				INFOPLIST_KEY_CFBundleDisplayName = "セイケツ";
				INFOPLIST_KEY_UIApplicationSceneManifest_Generation = YES;
				INFOPLIST_KEY_UILaunchScreen_Generation = YES;
				INFOPLIST_KEY_UISupportedInterfaceOrientations = UIInterfaceOrientationPortrait;
				INFOPLIST_KEY_UISupportedInterfaceOrientations_iPad = "UIInterfaceOrientationPortrait UIInterfaceOrientationPortraitUpsideDown UIInterfaceOrientationLandscapeLeft UIInterfaceOrientationLandscapeRight";
				LD_RUNPATH_SEARCH_PATHS = (
					"$(inherited)",
					"@executable_path/Frameworks",
				);
				MARKETING_VERSION = 1.0.0;
				PRODUCT_BUNDLE_IDENTIFIER = lab.nanba.seiketsu;
				PRODUCT_NAME = "$(TARGET_NAME)";
				SWIFT_EMIT_LOC_STRINGS = YES;
				SWIFT_VERSION = 5.0;
				TARGETED_DEVICE_FAMILY = "1,2";
			};
			name = Release;
		};
/* End XCBuildConfiguration section */

/* Begin XCConfigurationList section */
		X10000000000000000000001 /* Build configuration list for PBXProject "Seiketsu" */ = {
			isa = XCConfigurationList;
			buildConfigurations = (
				Y10000000000000000000001 /* Debug */,
				Y10000000000000000000002 /* Release */,
			);
			defaultConfigurationIsVisible = 0;
			defaultConfigurationName = Release;
		};
		X10000000000000000000003 /* Build configuration list for PBXNativeTarget "Seiketsu" */ = {
			isa = XCConfigurationList;
			buildConfigurations = (
				Y10000000000000000000003 /* Debug */,
				Y10000000000000000000004 /* Release */,
			);
			defaultConfigurationIsVisible = 0;
			defaultConfigurationName = Release;
		};
/* End XCConfigurationList section */
	};
	rootObject = P10000000000000000000001 /* Project object */;
}
